
Microsoft Visual Studio Solution File, Format Version 12.00
# Visual Studio Version 17
VisualStudioVersion = 17.6.33815.320
MinimumVisualStudioVersion = 10.0.40219.1
Project("{FAE04EC0-301F-11D3-BF4B-00C04F79EFBC}") = "SharpTriStripNet35", "SharpTriStripNet35\SharpTriStripNet35.csproj", "{BC1BE2BA-22C2-4333-AF59-B5FB1CB87558}"
EndProject
Project("{FAE04EC0-301F-11D3-BF4B-00C04F79EFBC}") = "SharpTriStripNet35.Test", "SharpTriStripNet35.Test\SharpTriStripNet35.Test.csproj", "{E6CF2256-66D9-4896-8A9B-8A83DA2357B2}"
EndProject
Global
	GlobalSection(SolutionConfigurationPlatforms) = preSolution
		Debug|Any CPU = Debug|Any CPU
		Release|Any CPU = Release|Any CPU
	EndGlobalSection
	GlobalSection(ProjectConfigurationPlatforms) = postSolution
		{BC1BE2BA-22C2-4333-AF59-B5FB1CB87558}.Debug|Any CPU.ActiveCfg = Debug|Any CPU
		{BC1BE2BA-22C2-4333-AF59-B5FB1CB87558}.Debug|Any CPU.Build.0 = Debug|Any CPU
		{BC1BE2BA-22C2-4333-AF59-B5FB1CB87558}.Release|Any CPU.ActiveCfg = Release|Any CPU
		{BC1BE2BA-22C2-4333-AF59-B5FB1CB87558}.Release|Any CPU.Build.0 = Release|Any CPU
		{E6CF2256-66D9-4896-8A9B-8A83DA2357B2}.Debug|Any CPU.ActiveCfg = Debug|Any CPU
		{E6CF2256-66D9-4896-8A9B-8A83DA2357B2}.Debug|Any CPU.Build.0 = Debug|Any CPU
		{E6CF2256-66D9-4896-8A9B-8A83DA2357B2}.Release|Any CPU.ActiveCfg = Release|Any CPU
		{E6CF2256-66D9-4896-8A9B-8A83DA2357B2}.Release|Any CPU.Build.0 = Release|Any CPU
	EndGlobalSection
	GlobalSection(SolutionProperties) = preSolution
		HideSolutionNode = FALSE
	EndGlobalSection
	GlobalSection(ExtensibilityGlobals) = postSolution
		SolutionGuid = {7183A9A1-8736-4A49-9F2C-CAC583020EBF}
	EndGlobalSection
EndGlobal
